
Microsoft Visual Studio Solution File, Format Version 12.00
# Visual Studio 15
VisualStudioVersion = 15.0.28307.421
MinimumVisualStudioVersion = 10.0.40219.1
Project("{FAE04EC0-301F-11D3-BF4B-00C04F79EFBC}") = "NginxCore", "NginxCore\NginxCore.csproj", "{3D84F951-0725-4476-9ABC-44687B343997}"
EndProject
Global
	GlobalSection(SolutionConfigurationPlatforms) = preSolution
		Debug|Any CPU = Debug|Any CPU
		Release|Any CPU = Release|Any CPU
	EndGlobalSection
	GlobalSection(ProjectConfigurationPlatforms) = postSolution
		{3D84F951-0725-4476-9ABC-44687B343997}.Debug|Any CPU.ActiveCfg = Debug|Any CPU
		{3D84F951-0725-4476-9ABC-44687B343997}.Debug|Any CPU.Build.0 = Debug|Any CPU
		{3D84F951-0725-4476-9ABC-44687B343997}.Release|Any CPU.ActiveCfg = Release|Any CPU
		{3D84F951-0725-4476-9ABC-44687B343997}.Release|Any CPU.Build.0 = Release|Any CPU
	EndGlobalSection
	GlobalSection(SolutionProperties) = preSolution
		HideSolutionNode = FALSE
	EndGlobalSection
	GlobalSection(ExtensibilityGlobals) = postSolution
		SolutionGuid = {651FB9B1-2F99-4775-820E-4E6C8247A86B}
	EndGlobalSection
EndGlobal
